
Microsoft Visual Studio Solution File, Format Version 12.00
# Visual Studio Version 17
VisualStudioVersion = 17.2.32516.85
MinimumVisualStudioVersion = 10.0.40219.1
Project("{FAE04EC0-301F-11D3-BF4B-00C04F79EFBC}") = "my-api", "my-api\my-api.csproj", "{BBC98653-59E6-45B3-9649-149F465EBC02}"
EndProject
Global
	GlobalSection(SolutionConfigurationPlatforms) = preSolution
		Debug|Any CPU = Debug|Any CPU
		Release|Any CPU = Release|Any CPU
	EndGlobalSection
	GlobalSection(ProjectConfigurationPlatforms) = postSolution
		{BBC98653-59E6-45B3-9649-149F465EBC02}.Debug|Any CPU.ActiveCfg = Debug|Any CPU
		{BBC98653-59E6-45B3-9649-149F465EBC02}.Debug|Any CPU.Build.0 = Debug|Any CPU
		{BBC98653-59E6-45B3-9649-149F465EBC02}.Release|Any CPU.ActiveCfg = Release|Any CPU
		{BBC98653-59E6-45B3-9649-149F465EBC02}.Release|Any CPU.Build.0 = Release|Any CPU
	EndGlobalSection
	GlobalSection(SolutionProperties) = preSolution
		HideSolutionNode = FALSE
	EndGlobalSection
	GlobalSection(ExtensibilityGlobals) = postSolution
		SolutionGuid = {72DE66F0-940D-49BB-B304-03E567BB8AE0}
	EndGlobalSection
EndGlobal
